
Microsoft Visual Studio Solution File, Format Version 12.00
# Visual Studio Version 16
VisualStudioVersion = 16.0.29424.173
MinimumVisualStudioVersion = 10.0.40219.1
Project("{FAE04EC0-301F-11D3-BF4B-00C04F79EFBC}") = "Elogroup.String.UnitTests", "Elogroup.String.Tests\Elogroup.String.UnitTests.csproj", "{A330DE0D-CDB1-4F0B-8F56-086FD393081B}"
EndProject
Project("{FAE04EC0-301F-11D3-BF4B-00C04F79EFBC}") = "Elogroup.String", "Elogroup.String\Elogroup.String.csproj", "{D71EBD35-1B02-4581-899F-D4376D9A276B}"
EndProject
Project("{FAE04EC0-301F-11D3-BF4B-00C04F79EFBC}") = "Elogroup.Utils", "Elogroup.Utils\Elogroup.Utils.csproj", "{4A6DC071-132A-4269-A622-83D4383B4A9D}"
EndProject
Global
	GlobalSection(SolutionConfigurationPlatforms) = preSolution
		Debug|Any CPU = Debug|Any CPU
		Release|Any CPU = Release|Any CPU
	EndGlobalSection
	GlobalSection(ProjectConfigurationPlatforms) = postSolution
		{A330DE0D-CDB1-4F0B-8F56-086FD393081B}.Debug|Any CPU.ActiveCfg = Debug|Any CPU
		{A330DE0D-CDB1-4F0B-8F56-086FD393081B}.Debug|Any CPU.Build.0 = Debug|Any CPU
		{A330DE0D-CDB1-4F0B-8F56-086FD393081B}.Release|Any CPU.ActiveCfg = Release|Any CPU
		{A330DE0D-CDB1-4F0B-8F56-086FD393081B}.Release|Any CPU.Build.0 = Release|Any CPU
		{D71EBD35-1B02-4581-899F-D4376D9A276B}.Debug|Any CPU.ActiveCfg = Debug|Any CPU
		{D71EBD35-1B02-4581-899F-D4376D9A276B}.Debug|Any CPU.Build.0 = Debug|Any CPU
		{D71EBD35-1B02-4581-899F-D4376D9A276B}.Release|Any CPU.ActiveCfg = Release|Any CPU
		{D71EBD35-1B02-4581-899F-D4376D9A276B}.Release|Any CPU.Build.0 = Release|Any CPU
		{4A6DC071-132A-4269-A622-83D4383B4A9D}.Debug|Any CPU.ActiveCfg = Debug|Any CPU
		{4A6DC071-132A-4269-A622-83D4383B4A9D}.Debug|Any CPU.Build.0 = Debug|Any CPU
		{4A6DC071-132A-4269-A622-83D4383B4A9D}.Release|Any CPU.ActiveCfg = Release|Any CPU
		{4A6DC071-132A-4269-A622-83D4383B4A9D}.Release|Any CPU.Build.0 = Release|Any CPU
	EndGlobalSection
	GlobalSection(SolutionProperties) = preSolution
		HideSolutionNode = FALSE
	EndGlobalSection
	GlobalSection(ExtensibilityGlobals) = postSolution
		SolutionGuid = {7E233A48-38A9-4167-AD64-E1231F8BE8CF}
	EndGlobalSection
EndGlobal
